// !$*UTF8*$!
{
	archiveVersion = 1;
	classes = {
	};
	objectVersion = 56;
	objects = {

/* Begin PBXBuildFile section */
		042441E62911CDCB008C4E5B /* UserProfileFilter.swift in Sources */ = {isa = PBXBuildFile; fileRef = 042441E52911CDCB008C4E5B /* UserProfileFilter.swift */; };
		042441E92911CEFD008C4E5B /* VideoPostForm.swift in Sources */ = {isa = PBXBuildFile; fileRef = 042441E82911CEFD008C4E5B /* VideoPostForm.swift */; };
		042B72C829107F7B007E1691 /* Search.swift in Sources */ = {isa = PBXBuildFile; fileRef = 042B72C729107F7B007E1691 /* Search.swift */; };
		042B72CB29108502007E1691 /* SearchTabBar.swift in Sources */ = {isa = PBXBuildFile; fileRef = 042B72CA29108502007E1691 /* SearchTabBar.swift */; };
		042B72CD2910871F007E1691 /* Users.json in Resources */ = {isa = PBXBuildFile; fileRef = 042B72CC2910871F007E1691 /* Users.json */; };
		042B72D129108A7C007E1691 /* UserSearch.swift in Sources */ = {isa = PBXBuildFile; fileRef = 042B72D029108A7C007E1691 /* UserSearch.swift */; };
		0455A7DD291D4E2700CEBDCD /* ClimbProfileViewModel.swift in Sources */ = {isa = PBXBuildFile; fileRef = 0455A7DC291D4E2700CEBDCD /* ClimbProfileViewModel.swift */; };
		0455A7DF291D4E7600CEBDCD /* ClimbProfileHeader.swift in Sources */ = {isa = PBXBuildFile; fileRef = 0455A7DE291D4E7600CEBDCD /* ClimbProfileHeader.swift */; };
		0455A7E1291D574500CEBDCD /* ClimbProfileBottom.swift in Sources */ = {isa = PBXBuildFile; fileRef = 0455A7E0291D574500CEBDCD /* ClimbProfileBottom.swift */; };
		0455A7E3291D57B300CEBDCD /* ClimbProfileTabBar.swift in Sources */ = {isa = PBXBuildFile; fileRef = 0455A7E2291D57B300CEBDCD /* ClimbProfileTabBar.swift */; };
		0455A7E5291D590200CEBDCD /* ClimbProfileAscentsList.swift in Sources */ = {isa = PBXBuildFile; fileRef = 0455A7E4291D590200CEBDCD /* ClimbProfileAscentsList.swift */; };
		046ADF5128F85D4D007616A2 /* VerticalApp.swift in Sources */ = {isa = PBXBuildFile; fileRef = 046ADF5028F85D4D007616A2 /* VerticalApp.swift */; };
		046ADF5328F85D4D007616A2 /* ContentView.swift in Sources */ = {isa = PBXBuildFile; fileRef = 046ADF5228F85D4D007616A2 /* ContentView.swift */; };
		046ADF5528F85D4F007616A2 /* Assets.xcassets in Resources */ = {isa = PBXBuildFile; fileRef = 046ADF5428F85D4F007616A2 /* Assets.xcassets */; };
		046ADF5828F85D4F007616A2 /* Preview Assets.xcassets in Resources */ = {isa = PBXBuildFile; fileRef = 046ADF5728F85D4F007616A2 /* Preview Assets.xcassets */; };
		046ADF6228F85D4F007616A2 /* VerticalTests.swift in Sources */ = {isa = PBXBuildFile; fileRef = 046ADF6128F85D4F007616A2 /* VerticalTests.swift */; };
		046ADF6C28F85D4F007616A2 /* VerticalUITests.swift in Sources */ = {isa = PBXBuildFile; fileRef = 046ADF6B28F85D4F007616A2 /* VerticalUITests.swift */; };
		046ADF6E28F85D4F007616A2 /* VerticalUITestsLaunchTests.swift in Sources */ = {isa = PBXBuildFile; fileRef = 046ADF6D28F85D4F007616A2 /* VerticalUITestsLaunchTests.swift */; };
		046E333128FF6ED100EAC8DC /* UserProfileHeader.swift in Sources */ = {isa = PBXBuildFile; fileRef = 046E333028FF6ED100EAC8DC /* UserProfileHeader.swift */; };
		046E33352900424600EAC8DC /* Feed.swift in Sources */ = {isa = PBXBuildFile; fileRef = 046E33342900424600EAC8DC /* Feed.swift */; };
		046E33372900496400EAC8DC /* UserProfilePic.swift in Sources */ = {isa = PBXBuildFile; fileRef = 046E33362900496400EAC8DC /* UserProfilePic.swift */; };
		046E333929005F4300EAC8DC /* UserProfileBottom.swift in Sources */ = {isa = PBXBuildFile; fileRef = 046E333829005F4200EAC8DC /* UserProfileBottom.swift */; };
		046E333B29005F5800EAC8DC /* UserProfile.swift in Sources */ = {isa = PBXBuildFile; fileRef = 046E333A29005F5800EAC8DC /* UserProfile.swift */; };
		046E334129007AEC00EAC8DC /* Climbs.json in Resources */ = {isa = PBXBuildFile; fileRef = 046E334029007AEC00EAC8DC /* Climbs.json */; };
		046E334529007C4E00EAC8DC /* LoadUserClimbs.swift in Sources */ = {isa = PBXBuildFile; fileRef = 046E334429007C4E00EAC8DC /* LoadUserClimbs.swift */; };
		046E334A2900800E00EAC8DC /* UserProfileClimbList.swift in Sources */ = {isa = PBXBuildFile; fileRef = 046E33492900800E00EAC8DC /* UserProfileClimbList.swift */; };
		046E334C2900825700EAC8DC /* StarsView.swift in Sources */ = {isa = PBXBuildFile; fileRef = 046E334B2900825700EAC8DC /* StarsView.swift */; };
		046E335B2901AF1300EAC8DC /* UserProfileTabBar.swift in Sources */ = {isa = PBXBuildFile; fileRef = 046E335A2901AF1300EAC8DC /* UserProfileTabBar.swift */; };
		0474DAB62912EF9000C02360 /* AreaSearch.swift in Sources */ = {isa = PBXBuildFile; fileRef = 0474DAB52912EF9000C02360 /* AreaSearch.swift */; };
		04CDBF9C29102A06005074A9 /* UserProfileVideos.swift in Sources */ = {isa = PBXBuildFile; fileRef = 04CDBF9B29102A06005074A9 /* UserProfileVideos.swift */; };
		04DD94202910B8C300D36C2E /* SearchBar.swift in Sources */ = {isa = PBXBuildFile; fileRef = 04DD941F2910B8C300D36C2E /* SearchBar.swift */; };
		04DD942229115FDF00D36C2E /* ClimbsSearch.swift in Sources */ = {isa = PBXBuildFile; fileRef = 04DD942129115FDF00D36C2E /* ClimbsSearch.swift */; };
		04DD942729117B7B00D36C2E /* UserRegistration.swift in Sources */ = {isa = PBXBuildFile; fileRef = 04DD942629117B7B00D36C2E /* UserRegistration.swift */; };
		04DD942A2911831700D36C2E /* FeedVideoCell.swift in Sources */ = {isa = PBXBuildFile; fileRef = 04DD94292911831700D36C2E /* FeedVideoCell.swift */; };
		5E15EDA02922D7B700CCA5C4 /* UserSearchViewModel.swift in Sources */ = {isa = PBXBuildFile; fileRef = 5E15ED9F2922D7B700CCA5C4 /* UserSearchViewModel.swift */; };
		5E33FF16291D3CBD000639D0 /* ClimbSearch.swift in Sources */ = {isa = PBXBuildFile; fileRef = 5E33FF15291D3CBD000639D0 /* ClimbSearch.swift */; };
		5E33FF18291D3D65000639D0 /* ClimbProfile.swift in Sources */ = {isa = PBXBuildFile; fileRef = 5E33FF17291D3D65000639D0 /* ClimbProfile.swift */; };
		5E33FF1B291D55F8000639D0 /* ClimbSearchViewModel.swift in Sources */ = {isa = PBXBuildFile; fileRef = 5E33FF1A291D55F8000639D0 /* ClimbSearchViewModel.swift */; };
		5E630F782908AE1D00295FC3 /* ClimbProfileView.swift in Sources */ = {isa = PBXBuildFile; fileRef = 5E630F772908AE1D00295FC3 /* ClimbProfileView.swift */; };
		5E630F7A2908AE5200295FC3 /* ClimbProfileModel.swift in Sources */ = {isa = PBXBuildFile; fileRef = 5E630F792908AE5200295FC3 /* ClimbProfileModel.swift */; };
		5E988E92292695E200ADF7ED /* SDWebImageSwiftUI in Frameworks */ = {isa = PBXBuildFile; productRef = 5E988E91292695E200ADF7ED /* SDWebImageSwiftUI */; };
		793E15A9290CA05B00D4C774 /* LoginView.swift in Sources */ = {isa = PBXBuildFile; fileRef = 793E15A8290CA05B00D4C774 /* LoginView.swift */; };
		7956602A2911AA4D00D747AF /* HexColor.swift in Sources */ = {isa = PBXBuildFile; fileRef = 795660292911AA4D00D747AF /* HexColor.swift */; };
		7956602F2911AFB700D747AF /* User.swift in Sources */ = {isa = PBXBuildFile; fileRef = 7956602E2911AFB700D747AF /* User.swift */; };
		795660362911B89900D747AF /* FirebaseAnalytics in Frameworks */ = {isa = PBXBuildFile; productRef = 795660352911B89900D747AF /* FirebaseAnalytics */; };
		795660382911B89900D747AF /* FirebaseAnalyticsSwift in Frameworks */ = {isa = PBXBuildFile; productRef = 795660372911B89900D747AF /* FirebaseAnalyticsSwift */; };
		7956603A2911B89900D747AF /* FirebaseAnalyticsWithoutAdIdSupport in Frameworks */ = {isa = PBXBuildFile; productRef = 795660392911B89900D747AF /* FirebaseAnalyticsWithoutAdIdSupport */; };
		7956603C2911B89900D747AF /* FirebaseAuth in Frameworks */ = {isa = PBXBuildFile; productRef = 7956603B2911B89900D747AF /* FirebaseAuth */; };
		7956603E2911B89900D747AF /* FirebaseAuthCombine-Community in Frameworks */ = {isa = PBXBuildFile; productRef = 7956603D2911B89900D747AF /* FirebaseAuthCombine-Community */; };
		795660402911B89900D747AF /* FirebaseDatabase in Frameworks */ = {isa = PBXBuildFile; productRef = 7956603F2911B89900D747AF /* FirebaseDatabase */; };
		795660422911B89900D747AF /* FirebaseDatabaseSwift in Frameworks */ = {isa = PBXBuildFile; productRef = 795660412911B89900D747AF /* FirebaseDatabaseSwift */; };
		795660442911B89900D747AF /* FirebaseFirestore in Frameworks */ = {isa = PBXBuildFile; productRef = 795660432911B89900D747AF /* FirebaseFirestore */; };
		795660462911B89900D747AF /* FirebaseFirestoreCombine-Community in Frameworks */ = {isa = PBXBuildFile; productRef = 795660452911B89900D747AF /* FirebaseFirestoreCombine-Community */; };
		795660482911B89900D747AF /* FirebaseFirestoreSwift in Frameworks */ = {isa = PBXBuildFile; productRef = 795660472911B89900D747AF /* FirebaseFirestoreSwift */; };
		7956604A2911B89900D747AF /* FirebaseFunctions in Frameworks */ = {isa = PBXBuildFile; productRef = 795660492911B89900D747AF /* FirebaseFunctions */; };
		7956604C2911B89900D747AF /* FirebaseFunctionsCombine-Community in Frameworks */ = {isa = PBXBuildFile; productRef = 7956604B2911B89900D747AF /* FirebaseFunctionsCombine-Community */; };
		7956604E2911B89900D747AF /* FirebaseStorage in Frameworks */ = {isa = PBXBuildFile; productRef = 7956604D2911B89900D747AF /* FirebaseStorage */; };
		795660502911B89900D747AF /* FirebaseStorageCombine-Community in Frameworks */ = {isa = PBXBuildFile; productRef = 7956604F2911B89900D747AF /* FirebaseStorageCombine-Community */; };
		795660522911BC9500D747AF /* LoginViewModel.swift in Sources */ = {isa = PBXBuildFile; fileRef = 795660512911BC9500D747AF /* LoginViewModel.swift */; };
		795660542911C5E000D747AF /* GoogleService-Info.plist in Resources */ = {isa = PBXBuildFile; fileRef = 795660532911C5E000D747AF /* GoogleService-Info.plist */; };
		79CBE8C9291839A800D43A08 /* FeedViewModel.swift in Sources */ = {isa = PBXBuildFile; fileRef = 79CBE8C8291839A800D43A08 /* FeedViewModel.swift */; };
		79CBE8CB29183A7600D43A08 /* FirestoreService.swift in Sources */ = {isa = PBXBuildFile; fileRef = 79CBE8CA29183A7600D43A08 /* FirestoreService.swift */; };
		79CBE8CD29183D0F00D43A08 /* Post.swift in Sources */ = {isa = PBXBuildFile; fileRef = 79CBE8CC29183D0F00D43A08 /* Post.swift */; };
		FD39F3D9291D52B1000AB8F2 /* AreaTabBar.swift in Sources */ = {isa = PBXBuildFile; fileRef = FD39F3D8291D52B1000AB8F2 /* AreaTabBar.swift */; };
		FD39F3DB291D5324000AB8F2 /* AreaProfileContent.swift in Sources */ = {isa = PBXBuildFile; fileRef = FD39F3DA291D5324000AB8F2 /* AreaProfileContent.swift */; };
		FD95C76D2911EE0800A54810 /* Area.swift in Sources */ = {isa = PBXBuildFile; fileRef = FD95C76C2911EE0800A54810 /* Area.swift */; };
		FD95C76F2911EE3D00A54810 /* Areas.json in Resources */ = {isa = PBXBuildFile; fileRef = FD95C76E2911EE3D00A54810 /* Areas.json */; };
		FD95C7722911EE6A00A54810 /* AreaProfile.swift in Sources */ = {isa = PBXBuildFile; fileRef = FD95C7712911EE6A00A54810 /* AreaProfile.swift */; };
		FD95C7742911EE7F00A54810 /* AreaProfileHeader.swift in Sources */ = {isa = PBXBuildFile; fileRef = FD95C7732911EE7F00A54810 /* AreaProfileHeader.swift */; };
/* End PBXBuildFile section */

/* Begin PBXContainerItemProxy section */
		046ADF5E28F85D4F007616A2 /* PBXContainerItemProxy */ = {
			isa = PBXContainerItemProxy;
			containerPortal = 046ADF4528F85D4D007616A2 /* Project object */;
			proxyType = 1;
			remoteGlobalIDString = 046ADF4C28F85D4D007616A2;
			remoteInfo = Vertical;
		};
		046ADF6828F85D4F007616A2 /* PBXContainerItemProxy */ = {
			isa = PBXContainerItemProxy;
			containerPortal = 046ADF4528F85D4D007616A2 /* Project object */;
			proxyType = 1;
			remoteGlobalIDString = 046ADF4C28F85D4D007616A2;
			remoteInfo = Vertical;
		};
/* End PBXContainerItemProxy section */

/* Begin PBXFileReference section */
		042441E52911CDCB008C4E5B /* UserProfileFilter.swift */ = {isa = PBXFileReference; lastKnownFileType = sourcecode.swift; path = UserProfileFilter.swift; sourceTree = "<group>"; };
		042441E82911CEFD008C4E5B /* VideoPostForm.swift */ = {isa = PBXFileReference; lastKnownFileType = sourcecode.swift; path = VideoPostForm.swift; sourceTree = "<group>"; };
		042B72C729107F7B007E1691 /* Search.swift */ = {isa = PBXFileReference; lastKnownFileType = sourcecode.swift; path = Search.swift; sourceTree = "<group>"; };
		042B72CA29108502007E1691 /* SearchTabBar.swift */ = {isa = PBXFileReference; lastKnownFileType = sourcecode.swift; path = SearchTabBar.swift; sourceTree = "<group>"; };
		042B72CC2910871F007E1691 /* Users.json */ = {isa = PBXFileReference; lastKnownFileType = text.json; path = Users.json; sourceTree = "<group>"; };
		042B72D029108A7C007E1691 /* UserSearch.swift */ = {isa = PBXFileReference; lastKnownFileType = sourcecode.swift; path = UserSearch.swift; sourceTree = "<group>"; };
		0455A7DC291D4E2700CEBDCD /* ClimbProfileViewModel.swift */ = {isa = PBXFileReference; lastKnownFileType = sourcecode.swift; path = ClimbProfileViewModel.swift; sourceTree = "<group>"; };
		0455A7DE291D4E7600CEBDCD /* ClimbProfileHeader.swift */ = {isa = PBXFileReference; lastKnownFileType = sourcecode.swift; path = ClimbProfileHeader.swift; sourceTree = "<group>"; };
		0455A7E0291D574500CEBDCD /* ClimbProfileBottom.swift */ = {isa = PBXFileReference; lastKnownFileType = sourcecode.swift; path = ClimbProfileBottom.swift; sourceTree = "<group>"; };
		0455A7E2291D57B300CEBDCD /* ClimbProfileTabBar.swift */ = {isa = PBXFileReference; lastKnownFileType = sourcecode.swift; path = ClimbProfileTabBar.swift; sourceTree = "<group>"; };
		0455A7E4291D590200CEBDCD /* ClimbProfileAscentsList.swift */ = {isa = PBXFileReference; lastKnownFileType = sourcecode.swift; path = ClimbProfileAscentsList.swift; sourceTree = "<group>"; };
		046ADF4D28F85D4D007616A2 /* Vertical.app */ = {isa = PBXFileReference; explicitFileType = wrapper.application; includeInIndex = 0; path = Vertical.app; sourceTree = BUILT_PRODUCTS_DIR; };
		046ADF5028F85D4D007616A2 /* VerticalApp.swift */ = {isa = PBXFileReference; lastKnownFileType = sourcecode.swift; path = VerticalApp.swift; sourceTree = "<group>"; };
		046ADF5228F85D4D007616A2 /* ContentView.swift */ = {isa = PBXFileReference; lastKnownFileType = sourcecode.swift; path = ContentView.swift; sourceTree = "<group>"; };
		046ADF5428F85D4F007616A2 /* Assets.xcassets */ = {isa = PBXFileReference; lastKnownFileType = folder.assetcatalog; path = Assets.xcassets; sourceTree = "<group>"; };
		046ADF5728F85D4F007616A2 /* Preview Assets.xcassets */ = {isa = PBXFileReference; lastKnownFileType = folder.assetcatalog; path = "Preview Assets.xcassets"; sourceTree = "<group>"; };
		046ADF5D28F85D4F007616A2 /* VerticalTests.xctest */ = {isa = PBXFileReference; explicitFileType = wrapper.cfbundle; includeInIndex = 0; path = VerticalTests.xctest; sourceTree = BUILT_PRODUCTS_DIR; };
		046ADF6128F85D4F007616A2 /* VerticalTests.swift */ = {isa = PBXFileReference; lastKnownFileType = sourcecode.swift; path = VerticalTests.swift; sourceTree = "<group>"; };
		046ADF6728F85D4F007616A2 /* VerticalUITests.xctest */ = {isa = PBXFileReference; explicitFileType = wrapper.cfbundle; includeInIndex = 0; path = VerticalUITests.xctest; sourceTree = BUILT_PRODUCTS_DIR; };
		046ADF6B28F85D4F007616A2 /* VerticalUITests.swift */ = {isa = PBXFileReference; lastKnownFileType = sourcecode.swift; path = VerticalUITests.swift; sourceTree = "<group>"; };
		046ADF6D28F85D4F007616A2 /* VerticalUITestsLaunchTests.swift */ = {isa = PBXFileReference; lastKnownFileType = sourcecode.swift; path = VerticalUITestsLaunchTests.swift; sourceTree = "<group>"; };
		046E333028FF6ED100EAC8DC /* UserProfileHeader.swift */ = {isa = PBXFileReference; lastKnownFileType = sourcecode.swift; path = UserProfileHeader.swift; sourceTree = "<group>"; };
		046E33342900424600EAC8DC /* Feed.swift */ = {isa = PBXFileReference; lastKnownFileType = sourcecode.swift; path = Feed.swift; sourceTree = "<group>"; };
		046E33362900496400EAC8DC /* UserProfilePic.swift */ = {isa = PBXFileReference; lastKnownFileType = sourcecode.swift; path = UserProfilePic.swift; sourceTree = "<group>"; };
		046E333829005F4200EAC8DC /* UserProfileBottom.swift */ = {isa = PBXFileReference; lastKnownFileType = sourcecode.swift; path = UserProfileBottom.swift; sourceTree = "<group>"; };
		046E333A29005F5800EAC8DC /* UserProfile.swift */ = {isa = PBXFileReference; lastKnownFileType = sourcecode.swift; path = UserProfile.swift; sourceTree = "<group>"; };
		046E334029007AEC00EAC8DC /* Climbs.json */ = {isa = PBXFileReference; lastKnownFileType = text.json; path = Climbs.json; sourceTree = "<group>"; };
		046E334429007C4E00EAC8DC /* LoadUserClimbs.swift */ = {isa = PBXFileReference; lastKnownFileType = sourcecode.swift; path = LoadUserClimbs.swift; sourceTree = "<group>"; };
		046E33492900800E00EAC8DC /* UserProfileClimbList.swift */ = {isa = PBXFileReference; lastKnownFileType = sourcecode.swift; path = UserProfileClimbList.swift; sourceTree = "<group>"; };
		046E334B2900825700EAC8DC /* StarsView.swift */ = {isa = PBXFileReference; lastKnownFileType = sourcecode.swift; path = StarsView.swift; sourceTree = "<group>"; };
		046E335A2901AF1300EAC8DC /* UserProfileTabBar.swift */ = {isa = PBXFileReference; lastKnownFileType = sourcecode.swift; path = UserProfileTabBar.swift; sourceTree = "<group>"; };
		0474DAB52912EF9000C02360 /* AreaSearch.swift */ = {isa = PBXFileReference; lastKnownFileType = sourcecode.swift; path = AreaSearch.swift; sourceTree = "<group>"; };
		04CDBF9B29102A06005074A9 /* UserProfileVideos.swift */ = {isa = PBXFileReference; lastKnownFileType = sourcecode.swift; path = UserProfileVideos.swift; sourceTree = "<group>"; };
		04DD941F2910B8C300D36C2E /* SearchBar.swift */ = {isa = PBXFileReference; lastKnownFileType = sourcecode.swift; path = SearchBar.swift; sourceTree = "<group>"; };
		04DD942129115FDF00D36C2E /* ClimbsSearch.swift */ = {isa = PBXFileReference; lastKnownFileType = sourcecode.swift; path = ClimbsSearch.swift; sourceTree = "<group>"; };
		04DD942629117B7B00D36C2E /* UserRegistration.swift */ = {isa = PBXFileReference; lastKnownFileType = sourcecode.swift; path = UserRegistration.swift; sourceTree = "<group>"; };
		04DD94292911831700D36C2E /* FeedVideoCell.swift */ = {isa = PBXFileReference; lastKnownFileType = sourcecode.swift; path = FeedVideoCell.swift; sourceTree = "<group>"; };
		5E15ED9F2922D7B700CCA5C4 /* UserSearchViewModel.swift */ = {isa = PBXFileReference; lastKnownFileType = sourcecode.swift; path = UserSearchViewModel.swift; sourceTree = "<group>"; };
		5E33FF15291D3CBD000639D0 /* ClimbSearch.swift */ = {isa = PBXFileReference; lastKnownFileType = sourcecode.swift; name = ClimbSearch.swift; path = Vertical/ClimbSearch.swift; sourceTree = SOURCE_ROOT; };
		5E33FF17291D3D65000639D0 /* ClimbProfile.swift */ = {isa = PBXFileReference; lastKnownFileType = sourcecode.swift; path = ClimbProfile.swift; sourceTree = "<group>"; };
		5E33FF1A291D55F8000639D0 /* ClimbSearchViewModel.swift */ = {isa = PBXFileReference; lastKnownFileType = sourcecode.swift; path = ClimbSearchViewModel.swift; sourceTree = "<group>"; };
		5E630F772908AE1D00295FC3 /* ClimbProfileView.swift */ = {isa = PBXFileReference; lastKnownFileType = sourcecode.swift; path = ClimbProfileView.swift; sourceTree = "<group>"; };
		5E630F792908AE5200295FC3 /* ClimbProfileModel.swift */ = {isa = PBXFileReference; lastKnownFileType = sourcecode.swift; path = ClimbProfileModel.swift; sourceTree = "<group>"; };
		793E15A8290CA05B00D4C774 /* LoginView.swift */ = {isa = PBXFileReference; lastKnownFileType = sourcecode.swift; path = LoginView.swift; sourceTree = "<group>"; };
		795660292911AA4D00D747AF /* HexColor.swift */ = {isa = PBXFileReference; lastKnownFileType = sourcecode.swift; path = HexColor.swift; sourceTree = "<group>"; };
		7956602E2911AFB700D747AF /* User.swift */ = {isa = PBXFileReference; lastKnownFileType = sourcecode.swift; path = User.swift; sourceTree = "<group>"; };
		795660512911BC9500D747AF /* LoginViewModel.swift */ = {isa = PBXFileReference; lastKnownFileType = sourcecode.swift; path = LoginViewModel.swift; sourceTree = "<group>"; };
		795660532911C5E000D747AF /* GoogleService-Info.plist */ = {isa = PBXFileReference; fileEncoding = 4; lastKnownFileType = text.plist.xml; path = "GoogleService-Info.plist"; sourceTree = "<group>"; };
		79CBE8C8291839A800D43A08 /* FeedViewModel.swift */ = {isa = PBXFileReference; lastKnownFileType = sourcecode.swift; path = FeedViewModel.swift; sourceTree = "<group>"; };
		79CBE8CA29183A7600D43A08 /* FirestoreService.swift */ = {isa = PBXFileReference; lastKnownFileType = sourcecode.swift; name = FirestoreService.swift; path = Vertical/Services/FirestoreService.swift; sourceTree = SOURCE_ROOT; };
		79CBE8CC29183D0F00D43A08 /* Post.swift */ = {isa = PBXFileReference; lastKnownFileType = sourcecode.swift; path = Post.swift; sourceTree = "<group>"; };
		FD39F3D8291D52B1000AB8F2 /* AreaTabBar.swift */ = {isa = PBXFileReference; lastKnownFileType = sourcecode.swift; path = AreaTabBar.swift; sourceTree = "<group>"; };
		FD39F3DA291D5324000AB8F2 /* AreaProfileContent.swift */ = {isa = PBXFileReference; lastKnownFileType = sourcecode.swift; path = AreaProfileContent.swift; sourceTree = "<group>"; };
		FD95C76C2911EE0800A54810 /* Area.swift */ = {isa = PBXFileReference; lastKnownFileType = sourcecode.swift; path = Area.swift; sourceTree = "<group>"; };
		FD95C76E2911EE3D00A54810 /* Areas.json */ = {isa = PBXFileReference; fileEncoding = 4; lastKnownFileType = text.json; path = Areas.json; sourceTree = "<group>"; };
		FD95C7712911EE6A00A54810 /* AreaProfile.swift */ = {isa = PBXFileReference; lastKnownFileType = sourcecode.swift; path = AreaProfile.swift; sourceTree = "<group>"; };
		FD95C7732911EE7F00A54810 /* AreaProfileHeader.swift */ = {isa = PBXFileReference; lastKnownFileType = sourcecode.swift; path = AreaProfileHeader.swift; sourceTree = "<group>"; };
/* End PBXFileReference section */

/* Begin PBXFrameworksBuildPhase section */
		046ADF4A28F85D4D007616A2 /* Frameworks */ = {
			isa = PBXFrameworksBuildPhase;
			buildActionMask = 2147483647;
			files = (
				5E988E92292695E200ADF7ED /* SDWebImageSwiftUI in Frameworks */,
				795660422911B89900D747AF /* FirebaseDatabaseSwift in Frameworks */,
				795660402911B89900D747AF /* FirebaseDatabase in Frameworks */,
				795660382911B89900D747AF /* FirebaseAnalyticsSwift in Frameworks */,
				795660462911B89900D747AF /* FirebaseFirestoreCombine-Community in Frameworks */,
				7956603A2911B89900D747AF /* FirebaseAnalyticsWithoutAdIdSupport in Frameworks */,
				795660482911B89900D747AF /* FirebaseFirestoreSwift in Frameworks */,
				795660362911B89900D747AF /* FirebaseAnalytics in Frameworks */,
				795660442911B89900D747AF /* FirebaseFirestore in Frameworks */,
				795660502911B89900D747AF /* FirebaseStorageCombine-Community in Frameworks */,
				7956604E2911B89900D747AF /* FirebaseStorage in Frameworks */,
				7956603C2911B89900D747AF /* FirebaseAuth in Frameworks */,
				7956604A2911B89900D747AF /* FirebaseFunctions in Frameworks */,
				7956603E2911B89900D747AF /* FirebaseAuthCombine-Community in Frameworks */,
				7956604C2911B89900D747AF /* FirebaseFunctionsCombine-Community in Frameworks */,
			);
			runOnlyForDeploymentPostprocessing = 0;
		};
		046ADF5A28F85D4F007616A2 /* Frameworks */ = {
			isa = PBXFrameworksBuildPhase;
			buildActionMask = 2147483647;
			files = (
			);
			runOnlyForDeploymentPostprocessing = 0;
		};
		046ADF6428F85D4F007616A2 /* Frameworks */ = {
			isa = PBXFrameworksBuildPhase;
			buildActionMask = 2147483647;
			files = (
			);
			runOnlyForDeploymentPostprocessing = 0;
		};
/* End PBXFrameworksBuildPhase section */

/* Begin PBXGroup section */
		042441E72911CEDD008C4E5B /* Post Form */ = {
			isa = PBXGroup;
			children = (
				042441E82911CEFD008C4E5B /* VideoPostForm.swift */,
			);
			path = "Post Form";
			sourceTree = "<group>";
		};
		042B72C629107F63007E1691 /* Search */ = {
			isa = PBXGroup;
			children = (
				042B72C729107F7B007E1691 /* Search.swift */,
				042B72D029108A7C007E1691 /* UserSearch.swift */,
				04DD941F2910B8C300D36C2E /* SearchBar.swift */,
				04DD942129115FDF00D36C2E /* ClimbsSearch.swift */,
				0474DAB52912EF9000C02360 /* AreaSearch.swift */,
			);
			path = Search;
			sourceTree = "<group>";
		};
		042B72C9291084EF007E1691 /* Tab Bars */ = {
			isa = PBXGroup;
			children = (
				046E335A2901AF1300EAC8DC /* UserProfileTabBar.swift */,
				042B72CA29108502007E1691 /* SearchTabBar.swift */,
				0455A7E2291D57B300CEBDCD /* ClimbProfileTabBar.swift */,
				FD39F3D8291D52B1000AB8F2 /* AreaTabBar.swift */,
			);
			path = "Tab Bars";
			sourceTree = "<group>";
		};
		042D00492911E9B100F907E2 /* Login */ = {
			isa = PBXGroup;
			children = (
				795660512911BC9500D747AF /* LoginViewModel.swift */,
				793E15A8290CA05B00D4C774 /* LoginView.swift */,
			);
			path = Login;
			sourceTree = "<group>";
		};
		042D004A2911EA1900F907E2 /* Misc */ = {
			isa = PBXGroup;
			children = (
				795660292911AA4D00D747AF /* HexColor.swift */,
				046E334B2900825700EAC8DC /* StarsView.swift */,
			);
			path = Misc;
			sourceTree = "<group>";
		};
		046ADF4428F85D4D007616A2 = {
			isa = PBXGroup;
			children = (
				046ADF4F28F85D4D007616A2 /* Vertical */,
				046ADF6028F85D4F007616A2 /* VerticalTests */,
				046ADF6A28F85D4F007616A2 /* VerticalUITests */,
				046ADF4E28F85D4D007616A2 /* Products */,
			);
			sourceTree = "<group>";
		};
		046ADF4E28F85D4D007616A2 /* Products */ = {
			isa = PBXGroup;
			children = (
				046ADF4D28F85D4D007616A2 /* Vertical.app */,
				046ADF5D28F85D4F007616A2 /* VerticalTests.xctest */,
				046ADF6728F85D4F007616A2 /* VerticalUITests.xctest */,
			);
			name = Products;
			sourceTree = "<group>";
		};
		046ADF4F28F85D4D007616A2 /* Vertical */ = {
			isa = PBXGroup;
			children = (
				5E33FF19291D55DB000639D0 /* ViewModel */,
				79CBE8CE29186B5200D43A08 /* Services */,
				795660532911C5E000D747AF /* GoogleService-Info.plist */,
				795660302911AFCC00D747AF /* Views */,
				7956602B2911AF6300D747AF /* Models */,
				046E334829007E7200EAC8DC /* Resources */,
				046ADF5428F85D4F007616A2 /* Assets.xcassets */,
				046ADF5228F85D4D007616A2 /* ContentView.swift */,
				046ADF5628F85D4F007616A2 /* Preview Content */,
				046ADF5028F85D4D007616A2 /* VerticalApp.swift */,
			);
			path = Vertical;
			sourceTree = "<group>";
		};
		046ADF5628F85D4F007616A2 /* Preview Content */ = {
			isa = PBXGroup;
			children = (
				046ADF5728F85D4F007616A2 /* Preview Assets.xcassets */,
			);
			path = "Preview Content";
			sourceTree = "<group>";
		};
		046ADF6028F85D4F007616A2 /* VerticalTests */ = {
			isa = PBXGroup;
			children = (
				046ADF6128F85D4F007616A2 /* VerticalTests.swift */,
			);
			path = VerticalTests;
			sourceTree = "<group>";
		};
		046ADF6A28F85D4F007616A2 /* VerticalUITests */ = {
			isa = PBXGroup;
			children = (
				046ADF6B28F85D4F007616A2 /* VerticalUITests.swift */,
				046ADF6D28F85D4F007616A2 /* VerticalUITestsLaunchTests.swift */,
			);
			path = VerticalUITests;
			sourceTree = "<group>";
		};
		046E333C2900653B00EAC8DC /* User Profile */ = {
			isa = PBXGroup;
			children = (
				046E333D2900655D00EAC8DC /* User Profile TaskBar */,
				046E33362900496400EAC8DC /* UserProfilePic.swift */,
				046E333829005F4200EAC8DC /* UserProfileBottom.swift */,
				046E333A29005F5800EAC8DC /* UserProfile.swift */,
				046E333028FF6ED100EAC8DC /* UserProfileHeader.swift */,
			);
			path = "User Profile";
			sourceTree = "<group>";
		};
		046E333D2900655D00EAC8DC /* User Profile TaskBar */ = {
			isa = PBXGroup;
			children = (
				046E33492900800E00EAC8DC /* UserProfileClimbList.swift */,
				046E334429007C4E00EAC8DC /* LoadUserClimbs.swift */,
				04CDBF9B29102A06005074A9 /* UserProfileVideos.swift */,
				042441E52911CDCB008C4E5B /* UserProfileFilter.swift */,
			);
			path = "User Profile TaskBar";
			sourceTree = "<group>";
		};
		046E334829007E7200EAC8DC /* Resources */ = {
			isa = PBXGroup;
			children = (
				FD95C76E2911EE3D00A54810 /* Areas.json */,
				046E334029007AEC00EAC8DC /* Climbs.json */,
				042B72CC2910871F007E1691 /* Users.json */,
			);
			path = Resources;
			sourceTree = "<group>";
		};
		04DD942529117B6600D36C2E /* Registration */ = {
			isa = PBXGroup;
			children = (
				04DD942629117B7B00D36C2E /* UserRegistration.swift */,
			);
			path = Registration;
			sourceTree = "<group>";
		};
		04DD94282911830500D36C2E /* Feed */ = {
			isa = PBXGroup;
			children = (
				046E33342900424600EAC8DC /* Feed.swift */,
				04DD94292911831700D36C2E /* FeedVideoCell.swift */,
				79CBE8C8291839A800D43A08 /* FeedViewModel.swift */,
			);
			path = Feed;
			sourceTree = "<group>";
		};
		5E33FF19291D55DB000639D0 /* ViewModel */ = {
			isa = PBXGroup;
			children = (
				5E33FF1A291D55F8000639D0 /* ClimbSearchViewModel.swift */,
				5E15ED9F2922D7B700CCA5C4 /* UserSearchViewModel.swift */,
			);
			path = ViewModel;
			sourceTree = "<group>";
		};
		5E630F7B2908AE6C00295FC3 /* Climb Profile */ = {
			isa = PBXGroup;
			children = (
				5E630F792908AE5200295FC3 /* ClimbProfileModel.swift */,
				5E630F772908AE1D00295FC3 /* ClimbProfileView.swift */,
				0455A7E0291D574500CEBDCD /* ClimbProfileBottom.swift */,
				0455A7DE291D4E7600CEBDCD /* ClimbProfileHeader.swift */,
				0455A7E4291D590200CEBDCD /* ClimbProfileAscentsList.swift */,
			);
			path = "Climb Profile";
			sourceTree = "<group>";
		};
		7956602B2911AF6300D747AF /* Models */ = {
			isa = PBXGroup;
			children = (
				7956602E2911AFB700D747AF /* User.swift */,
				FD95C76C2911EE0800A54810 /* Area.swift */,
				0455A7DC291D4E2700CEBDCD /* ClimbProfileViewModel.swift */,
				5E33FF17291D3D65000639D0 /* ClimbProfile.swift */,
				79CBE8CC29183D0F00D43A08 /* Post.swift */,
			);
			path = Models;
			sourceTree = "<group>";
		};
		795660302911AFCC00D747AF /* Views */ = {
			isa = PBXGroup;
			children = (
				FD95C7702911EE5E00A54810 /* Area Profile */,
				042D004A2911EA1900F907E2 /* Misc */,
				042B72C9291084EF007E1691 /* Tab Bars */,
				04DD942529117B6600D36C2E /* Registration */,
				5E630F7B2908AE6C00295FC3 /* Climb Profile */,
				042441E72911CEDD008C4E5B /* Post Form */,
				046E333C2900653B00EAC8DC /* User Profile */,
				042B72C629107F63007E1691 /* Search */,
				042D00492911E9B100F907E2 /* Login */,
				04DD94282911830500D36C2E /* Feed */,
			);
			path = Views;
			sourceTree = "<group>";
		};
		79CBE8CE29186B5200D43A08 /* Services */ = {
			isa = PBXGroup;
			children = (
				5E33FF15291D3CBD000639D0 /* ClimbSearch.swift */,
				79CBE8CA29183A7600D43A08 /* FirestoreService.swift */,
			);
			path = Services;
			sourceTree = "<group>";
		};
		FD95C7702911EE5E00A54810 /* Area Profile */ = {
			isa = PBXGroup;
			children = (
				FD95C7712911EE6A00A54810 /* AreaProfile.swift */,
				FD95C7732911EE7F00A54810 /* AreaProfileHeader.swift */,
				FD39F3DA291D5324000AB8F2 /* AreaProfileContent.swift */,
			);
			path = "Area Profile";
			sourceTree = "<group>";
		};
/* End PBXGroup section */

/* Begin PBXNativeTarget section */
		046ADF4C28F85D4D007616A2 /* Vertical */ = {
			isa = PBXNativeTarget;
			buildConfigurationList = 046ADF7128F85D4F007616A2 /* Build configuration list for PBXNativeTarget "Vertical" */;
			buildPhases = (
				046ADF4928F85D4D007616A2 /* Sources */,
				046ADF4A28F85D4D007616A2 /* Frameworks */,
				046ADF4B28F85D4D007616A2 /* Resources */,
			);
			buildRules = (
			);
			dependencies = (
			);
			name = Vertical;
			packageProductDependencies = (
				795660352911B89900D747AF /* FirebaseAnalytics */,
				795660372911B89900D747AF /* FirebaseAnalyticsSwift */,
				795660392911B89900D747AF /* FirebaseAnalyticsWithoutAdIdSupport */,
				7956603B2911B89900D747AF /* FirebaseAuth */,
				7956603D2911B89900D747AF /* FirebaseAuthCombine-Community */,
				7956603F2911B89900D747AF /* FirebaseDatabase */,
				795660412911B89900D747AF /* FirebaseDatabaseSwift */,
				795660432911B89900D747AF /* FirebaseFirestore */,
				795660452911B89900D747AF /* FirebaseFirestoreCombine-Community */,
				795660472911B89900D747AF /* FirebaseFirestoreSwift */,
				795660492911B89900D747AF /* FirebaseFunctions */,
				7956604B2911B89900D747AF /* FirebaseFunctionsCombine-Community */,
				7956604D2911B89900D747AF /* FirebaseStorage */,
				7956604F2911B89900D747AF /* FirebaseStorageCombine-Community */,
				5E988E91292695E200ADF7ED /* SDWebImageSwiftUI */,
			);
			productName = Vertical;
			productReference = 046ADF4D28F85D4D007616A2 /* Vertical.app */;
			productType = "com.apple.product-type.application";
		};
		046ADF5C28F85D4F007616A2 /* VerticalTests */ = {
			isa = PBXNativeTarget;
			buildConfigurationList = 046ADF7428F85D4F007616A2 /* Build configuration list for PBXNativeTarget "VerticalTests" */;
			buildPhases = (
				046ADF5928F85D4F007616A2 /* Sources */,
				046ADF5A28F85D4F007616A2 /* Frameworks */,
				046ADF5B28F85D4F007616A2 /* Resources */,
			);
			buildRules = (
			);
			dependencies = (
				046ADF5F28F85D4F007616A2 /* PBXTargetDependency */,
			);
			name = VerticalTests;
			productName = VerticalTests;
			productReference = 046ADF5D28F85D4F007616A2 /* VerticalTests.xctest */;
			productType = "com.apple.product-type.bundle.unit-test";
		};
		046ADF6628F85D4F007616A2 /* VerticalUITests */ = {
			isa = PBXNativeTarget;
			buildConfigurationList = 046ADF7728F85D4F007616A2 /* Build configuration list for PBXNativeTarget "VerticalUITests" */;
			buildPhases = (
				046ADF6328F85D4F007616A2 /* Sources */,
				046ADF6428F85D4F007616A2 /* Frameworks */,
				046ADF6528F85D4F007616A2 /* Resources */,
			);
			buildRules = (
			);
			dependencies = (
				046ADF6928F85D4F007616A2 /* PBXTargetDependency */,
			);
			name = VerticalUITests;
			productName = VerticalUITests;
			productReference = 046ADF6728F85D4F007616A2 /* VerticalUITests.xctest */;
			productType = "com.apple.product-type.bundle.ui-testing";
		};
/* End PBXNativeTarget section */

/* Begin PBXProject section */
		046ADF4528F85D4D007616A2 /* Project object */ = {
			isa = PBXProject;
			attributes = {
				BuildIndependentTargetsInParallel = 1;
				LastSwiftUpdateCheck = 1400;
				LastUpgradeCheck = 1400;
				TargetAttributes = {
					046ADF4C28F85D4D007616A2 = {
						CreatedOnToolsVersion = 14.0.1;
					};
					046ADF5C28F85D4F007616A2 = {
						CreatedOnToolsVersion = 14.0.1;
						TestTargetID = 046ADF4C28F85D4D007616A2;
					};
					046ADF6628F85D4F007616A2 = {
						CreatedOnToolsVersion = 14.0.1;
						TestTargetID = 046ADF4C28F85D4D007616A2;
					};
				};
			};
			buildConfigurationList = 046ADF4828F85D4D007616A2 /* Build configuration list for PBXProject "Vertical" */;
			compatibilityVersion = "Xcode 14.0";
			developmentRegion = en;
			hasScannedForEncodings = 0;
			knownRegions = (
				en,
				Base,
			);
			mainGroup = 046ADF4428F85D4D007616A2;
			packageReferences = (
				795660342911B89900D747AF /* XCRemoteSwiftPackageReference "firebase-ios-sdk" */,
				5E988E90292695E200ADF7ED /* XCRemoteSwiftPackageReference "SDWebImageSwiftUI" */,
			);
			productRefGroup = 046ADF4E28F85D4D007616A2 /* Products */;
			projectDirPath = "";
			projectRoot = "";
			targets = (
				046ADF4C28F85D4D007616A2 /* Vertical */,
				046ADF5C28F85D4F007616A2 /* VerticalTests */,
				046ADF6628F85D4F007616A2 /* VerticalUITests */,
			);
		};
/* End PBXProject section */

/* Begin PBXResourcesBuildPhase section */
		046ADF4B28F85D4D007616A2 /* Resources */ = {
			isa = PBXResourcesBuildPhase;
			buildActionMask = 2147483647;
			files = (
				042B72CD2910871F007E1691 /* Users.json in Resources */,
				046ADF5828F85D4F007616A2 /* Preview Assets.xcassets in Resources */,
				FD95C76F2911EE3D00A54810 /* Areas.json in Resources */,
				795660542911C5E000D747AF /* GoogleService-Info.plist in Resources */,
				046E334129007AEC00EAC8DC /* Climbs.json in Resources */,
				046ADF5528F85D4F007616A2 /* Assets.xcassets in Resources */,
			);
			runOnlyForDeploymentPostprocessing = 0;
		};
		046ADF5B28F85D4F007616A2 /* Resources */ = {
			isa = PBXResourcesBuildPhase;
			buildActionMask = 2147483647;
			files = (
			);
			runOnlyForDeploymentPostprocessing = 0;
		};
		046ADF6528F85D4F007616A2 /* Resources */ = {
			isa = PBXResourcesBuildPhase;
			buildActionMask = 2147483647;
			files = (
			);
			runOnlyForDeploymentPostprocessing = 0;
		};
/* End PBXResourcesBuildPhase section */

/* Begin PBXSourcesBuildPhase section */
		046ADF4928F85D4D007616A2 /* Sources */ = {
			isa = PBXSourcesBuildPhase;
			buildActionMask = 2147483647;
			files = (
				5E33FF18291D3D65000639D0 /* ClimbProfile.swift in Sources */,
				042B72D129108A7C007E1691 /* UserSearch.swift in Sources */,
				04DD942A2911831700D36C2E /* FeedVideoCell.swift in Sources */,
				04CDBF9C29102A06005074A9 /* UserProfileVideos.swift in Sources */,
				5E33FF16291D3CBD000639D0 /* ClimbSearch.swift in Sources */,
				046E334A2900800E00EAC8DC /* UserProfileClimbList.swift in Sources */,
				0455A7E1291D574500CEBDCD /* ClimbProfileBottom.swift in Sources */,
				046E334C2900825700EAC8DC /* StarsView.swift in Sources */,
				795660522911BC9500D747AF /* LoginViewModel.swift in Sources */,
				5E630F782908AE1D00295FC3 /* ClimbProfileView.swift in Sources */,
				5E630F7A2908AE5200295FC3 /* ClimbProfileModel.swift in Sources */,
				046E33372900496400EAC8DC /* UserProfilePic.swift in Sources */,
				0455A7E3291D57B300CEBDCD /* ClimbProfileTabBar.swift in Sources */,
				7956602F2911AFB700D747AF /* User.swift in Sources */,
				046E335B2901AF1300EAC8DC /* UserProfileTabBar.swift in Sources */,
				04DD942229115FDF00D36C2E /* ClimbsSearch.swift in Sources */,
				0455A7DD291D4E2700CEBDCD /* ClimbProfileViewModel.swift in Sources */,
				046E33372900496400EAC8DC /* UserProfilePic.swift in Sources */,
				042441E62911CDCB008C4E5B /* UserProfileFilter.swift in Sources */,
				0455A7DF291D4E7600CEBDCD /* ClimbProfileHeader.swift in Sources */,
				04DD94202910B8C300D36C2E /* SearchBar.swift in Sources */,
				79CBE8CD29183D0F00D43A08 /* Post.swift in Sources */,
				046E335B2901AF1300EAC8DC /* UserProfileTabBar.swift in Sources */,
				FD95C7742911EE7F00A54810 /* AreaProfileHeader.swift in Sources */,
				046E334529007C4E00EAC8DC /* LoadUserClimbs.swift in Sources */,
				79CBE8C9291839A800D43A08 /* FeedViewModel.swift in Sources */,
				042B72CB29108502007E1691 /* SearchTabBar.swift in Sources */,
				042441E92911CEFD008C4E5B /* VideoPostForm.swift in Sources */,
				046E33352900424600EAC8DC /* Feed.swift in Sources */,
				FD39F3D9291D52B1000AB8F2 /* AreaTabBar.swift in Sources */,
				7956602A2911AA4D00D747AF /* HexColor.swift in Sources */,
				FD95C7722911EE6A00A54810 /* AreaProfile.swift in Sources */,
				79CBE8CB29183A7600D43A08 /* FirestoreService.swift in Sources */,
				0474DAB62912EF9000C02360 /* AreaSearch.swift in Sources */,
				046E333929005F4300EAC8DC /* UserProfileBottom.swift in Sources */,
				FD95C76D2911EE0800A54810 /* Area.swift in Sources */,
				046E333B29005F5800EAC8DC /* UserProfile.swift in Sources */,
				046E333128FF6ED100EAC8DC /* UserProfileHeader.swift in Sources */,
				5E15EDA02922D7B700CCA5C4 /* UserSearchViewModel.swift in Sources */,
				5E33FF1B291D55F8000639D0 /* ClimbSearchViewModel.swift in Sources */,
				793E15A9290CA05B00D4C774 /* LoginView.swift in Sources */,
				04DD942729117B7B00D36C2E /* UserRegistration.swift in Sources */,
				FD39F3DB291D5324000AB8F2 /* AreaProfileContent.swift in Sources */,
				046ADF5328F85D4D007616A2 /* ContentView.swift in Sources */,
				0455A7E5291D590200CEBDCD /* ClimbProfileAscentsList.swift in Sources */,
				046ADF5128F85D4D007616A2 /* VerticalApp.swift in Sources */,
				042B72C829107F7B007E1691 /* Search.swift in Sources */,
			);
			runOnlyForDeploymentPostprocessing = 0;
		};
		046ADF5928F85D4F007616A2 /* Sources */ = {
			isa = PBXSourcesBuildPhase;
			buildActionMask = 2147483647;
			files = (
				046ADF6228F85D4F007616A2 /* VerticalTests.swift in Sources */,
			);
			runOnlyForDeploymentPostprocessing = 0;
		};
		046ADF6328F85D4F007616A2 /* Sources */ = {
			isa = PBXSourcesBuildPhase;
			buildActionMask = 2147483647;
			files = (
				046ADF6E28F85D4F007616A2 /* VerticalUITestsLaunchTests.swift in Sources */,
				046ADF6C28F85D4F007616A2 /* VerticalUITests.swift in Sources */,
			);
			runOnlyForDeploymentPostprocessing = 0;
		};
/* End PBXSourcesBuildPhase section */

/* Begin PBXTargetDependency section */
		046ADF5F28F85D4F007616A2 /* PBXTargetDependency */ = {
			isa = PBXTargetDependency;
			target = 046ADF4C28F85D4D007616A2 /* Vertical */;
			targetProxy = 046ADF5E28F85D4F007616A2 /* PBXContainerItemProxy */;
		};
		046ADF6928F85D4F007616A2 /* PBXTargetDependency */ = {
			isa = PBXTargetDependency;
			target = 046ADF4C28F85D4D007616A2 /* Vertical */;
			targetProxy = 046ADF6828F85D4F007616A2 /* PBXContainerItemProxy */;
		};
/* End PBXTargetDependency section */

/* Begin XCBuildConfiguration section */
		046ADF6F28F85D4F007616A2 /* Debug */ = {
			isa = XCBuildConfiguration;
			buildSettings = {
				ALWAYS_SEARCH_USER_PATHS = NO;
				CLANG_ANALYZER_NONNULL = YES;
				CLANG_ANALYZER_NUMBER_OBJECT_CONVERSION = YES_AGGRESSIVE;
				CLANG_CXX_LANGUAGE_STANDARD = "gnu++20";
				CLANG_ENABLE_MODULES = YES;
				CLANG_ENABLE_OBJC_ARC = YES;
				CLANG_ENABLE_OBJC_WEAK = YES;
				CLANG_WARN_BLOCK_CAPTURE_AUTORELEASING = YES;
				CLANG_WARN_BOOL_CONVERSION = YES;
				CLANG_WARN_COMMA = YES;
				CLANG_WARN_CONSTANT_CONVERSION = YES;
				CLANG_WARN_DEPRECATED_OBJC_IMPLEMENTATIONS = YES;
				CLANG_WARN_DIRECT_OBJC_ISA_USAGE = YES_ERROR;
				CLANG_WARN_DOCUMENTATION_COMMENTS = YES;
				CLANG_WARN_EMPTY_BODY = YES;
				CLANG_WARN_ENUM_CONVERSION = YES;
				CLANG_WARN_INFINITE_RECURSION = YES;
				CLANG_WARN_INT_CONVERSION = YES;
				CLANG_WARN_NON_LITERAL_NULL_CONVERSION = YES;
				CLANG_WARN_OBJC_IMPLICIT_RETAIN_SELF = YES;
				CLANG_WARN_OBJC_LITERAL_CONVERSION = YES;
				CLANG_WARN_OBJC_ROOT_CLASS = YES_ERROR;
				CLANG_WARN_QUOTED_INCLUDE_IN_FRAMEWORK_HEADER = YES;
				CLANG_WARN_RANGE_LOOP_ANALYSIS = YES;
				CLANG_WARN_STRICT_PROTOTYPES = YES;
				CLANG_WARN_SUSPICIOUS_MOVE = YES;
				CLANG_WARN_UNGUARDED_AVAILABILITY = YES_AGGRESSIVE;
				CLANG_WARN_UNREACHABLE_CODE = YES;
				CLANG_WARN__DUPLICATE_METHOD_MATCH = YES;
				COPY_PHASE_STRIP = NO;
				DEBUG_INFORMATION_FORMAT = dwarf;
				ENABLE_STRICT_OBJC_MSGSEND = YES;
				ENABLE_TESTABILITY = YES;
				GCC_C_LANGUAGE_STANDARD = gnu11;
				GCC_DYNAMIC_NO_PIC = NO;
				GCC_NO_COMMON_BLOCKS = YES;
				GCC_OPTIMIZATION_LEVEL = 0;
				GCC_PREPROCESSOR_DEFINITIONS = (
					"DEBUG=1",
					"$(inherited)",
				);
				GCC_WARN_64_TO_32_BIT_CONVERSION = YES;
				GCC_WARN_ABOUT_RETURN_TYPE = YES_ERROR;
				GCC_WARN_UNDECLARED_SELECTOR = YES;
				GCC_WARN_UNINITIALIZED_AUTOS = YES_AGGRESSIVE;
				GCC_WARN_UNUSED_FUNCTION = YES;
				GCC_WARN_UNUSED_VARIABLE = YES;
				IPHONEOS_DEPLOYMENT_TARGET = 16.0;
				MTL_ENABLE_DEBUG_INFO = INCLUDE_SOURCE;
				MTL_FAST_MATH = YES;
				ONLY_ACTIVE_ARCH = YES;
				SDKROOT = iphoneos;
				SWIFT_ACTIVE_COMPILATION_CONDITIONS = DEBUG;
				SWIFT_OPTIMIZATION_LEVEL = "-Onone";
			};
			name = Debug;
		};
		046ADF7028F85D4F007616A2 /* Release */ = {
			isa = XCBuildConfiguration;
			buildSettings = {
				ALWAYS_SEARCH_USER_PATHS = NO;
				CLANG_ANALYZER_NONNULL = YES;
				CLANG_ANALYZER_NUMBER_OBJECT_CONVERSION = YES_AGGRESSIVE;
				CLANG_CXX_LANGUAGE_STANDARD = "gnu++20";
				CLANG_ENABLE_MODULES = YES;
				CLANG_ENABLE_OBJC_ARC = YES;
				CLANG_ENABLE_OBJC_WEAK = YES;
				CLANG_WARN_BLOCK_CAPTURE_AUTORELEASING = YES;
				CLANG_WARN_BOOL_CONVERSION = YES;
				CLANG_WARN_COMMA = YES;
				CLANG_WARN_CONSTANT_CONVERSION = YES;
				CLANG_WARN_DEPRECATED_OBJC_IMPLEMENTATIONS = YES;
				CLANG_WARN_DIRECT_OBJC_ISA_USAGE = YES_ERROR;
				CLANG_WARN_DOCUMENTATION_COMMENTS = YES;
				CLANG_WARN_EMPTY_BODY = YES;
				CLANG_WARN_ENUM_CONVERSION = YES;
				CLANG_WARN_INFINITE_RECURSION = YES;
				CLANG_WARN_INT_CONVERSION = YES;
				CLANG_WARN_NON_LITERAL_NULL_CONVERSION = YES;
				CLANG_WARN_OBJC_IMPLICIT_RETAIN_SELF = YES;
				CLANG_WARN_OBJC_LITERAL_CONVERSION = YES;
				CLANG_WARN_OBJC_ROOT_CLASS = YES_ERROR;
				CLANG_WARN_QUOTED_INCLUDE_IN_FRAMEWORK_HEADER = YES;
				CLANG_WARN_RANGE_LOOP_ANALYSIS = YES;
				CLANG_WARN_STRICT_PROTOTYPES = YES;
				CLANG_WARN_SUSPICIOUS_MOVE = YES;
				CLANG_WARN_UNGUARDED_AVAILABILITY = YES_AGGRESSIVE;
				CLANG_WARN_UNREACHABLE_CODE = YES;
				CLANG_WARN__DUPLICATE_METHOD_MATCH = YES;
				COPY_PHASE_STRIP = NO;
				DEBUG_INFORMATION_FORMAT = "dwarf-with-dsym";
				ENABLE_NS_ASSERTIONS = NO;
				ENABLE_STRICT_OBJC_MSGSEND = YES;
				GCC_C_LANGUAGE_STANDARD = gnu11;
				GCC_NO_COMMON_BLOCKS = YES;
				GCC_WARN_64_TO_32_BIT_CONVERSION = YES;
				GCC_WARN_ABOUT_RETURN_TYPE = YES_ERROR;
				GCC_WARN_UNDECLARED_SELECTOR = YES;
				GCC_WARN_UNINITIALIZED_AUTOS = YES_AGGRESSIVE;
				GCC_WARN_UNUSED_FUNCTION = YES;
				GCC_WARN_UNUSED_VARIABLE = YES;
				IPHONEOS_DEPLOYMENT_TARGET = 16.0;
				MTL_ENABLE_DEBUG_INFO = NO;
				MTL_FAST_MATH = YES;
				SDKROOT = iphoneos;
				SWIFT_COMPILATION_MODE = wholemodule;
				SWIFT_OPTIMIZATION_LEVEL = "-O";
				VALIDATE_PRODUCT = YES;
			};
			name = Release;
		};
		046ADF7228F85D4F007616A2 /* Debug */ = {
			isa = XCBuildConfiguration;
			buildSettings = {
				ASSETCATALOG_COMPILER_APPICON_NAME = AppIcon;
				ASSETCATALOG_COMPILER_GLOBAL_ACCENT_COLOR_NAME = AccentColor;
				CODE_SIGN_STYLE = Automatic;
				CURRENT_PROJECT_VERSION = 1;
				DEVELOPMENT_ASSET_PATHS = "\"Vertical/Preview Content\"";
				DEVELOPMENT_TEAM = 7HN2725CNL;
				ENABLE_PREVIEWS = YES;
				GENERATE_INFOPLIST_FILE = YES;
				INFOPLIST_KEY_UIApplicationSceneManifest_Generation = YES;
				INFOPLIST_KEY_UIApplicationSupportsIndirectInputEvents = YES;
				INFOPLIST_KEY_UILaunchScreen_Generation = YES;
				INFOPLIST_KEY_UISupportedInterfaceOrientations_iPad = "UIInterfaceOrientationPortrait UIInterfaceOrientationPortraitUpsideDown UIInterfaceOrientationLandscapeLeft UIInterfaceOrientationLandscapeRight";
				INFOPLIST_KEY_UISupportedInterfaceOrientations_iPhone = "UIInterfaceOrientationPortrait UIInterfaceOrientationLandscapeLeft UIInterfaceOrientationLandscapeRight";
				LD_RUNPATH_SEARCH_PATHS = (
					"$(inherited)",
					"@executable_path/Frameworks",
				);
				MARKETING_VERSION = 1.0;
				PRODUCT_BUNDLE_IDENTIFIER = app.CS275.Vertical;
				PRODUCT_NAME = "$(TARGET_NAME)";
				SWIFT_EMIT_LOC_STRINGS = YES;
				SWIFT_VERSION = 5.0;
				TARGETED_DEVICE_FAMILY = "1,2";
			};
			name = Debug;
		};
		046ADF7328F85D4F007616A2 /* Release */ = {
			isa = XCBuildConfiguration;
			buildSettings = {
				ASSETCATALOG_COMPILER_APPICON_NAME = AppIcon;
				ASSETCATALOG_COMPILER_GLOBAL_ACCENT_COLOR_NAME = AccentColor;
				CODE_SIGN_STYLE = Automatic;
				CURRENT_PROJECT_VERSION = 1;
				DEVELOPMENT_ASSET_PATHS = "\"Vertical/Preview Content\"";
				DEVELOPMENT_TEAM = 7HN2725CNL;
				ENABLE_PREVIEWS = YES;
				GENERATE_INFOPLIST_FILE = YES;
				INFOPLIST_KEY_UIApplicationSceneManifest_Generation = YES;
				INFOPLIST_KEY_UIApplicationSupportsIndirectInputEvents = YES;
				INFOPLIST_KEY_UILaunchScreen_Generation = YES;
				INFOPLIST_KEY_UISupportedInterfaceOrientations_iPad = "UIInterfaceOrientationPortrait UIInterfaceOrientationPortraitUpsideDown UIInterfaceOrientationLandscapeLeft UIInterfaceOrientationLandscapeRight";
				INFOPLIST_KEY_UISupportedInterfaceOrientations_iPhone = "UIInterfaceOrientationPortrait UIInterfaceOrientationLandscapeLeft UIInterfaceOrientationLandscapeRight";
				LD_RUNPATH_SEARCH_PATHS = (
					"$(inherited)",
					"@executable_path/Frameworks",
				);
				MARKETING_VERSION = 1.0;
				PRODUCT_BUNDLE_IDENTIFIER = app.CS275.Vertical;
				PRODUCT_NAME = "$(TARGET_NAME)";
				SWIFT_EMIT_LOC_STRINGS = YES;
				SWIFT_VERSION = 5.0;
				TARGETED_DEVICE_FAMILY = "1,2";
			};
			name = Release;
		};
		046ADF7528F85D4F007616A2 /* Debug */ = {
			isa = XCBuildConfiguration;
			buildSettings = {
				ALWAYS_EMBED_SWIFT_STANDARD_LIBRARIES = YES;
				BUNDLE_LOADER = "$(TEST_HOST)";
				CODE_SIGN_STYLE = Automatic;
				CURRENT_PROJECT_VERSION = 1;
				DEVELOPMENT_TEAM = 7HN2725CNL;
				GENERATE_INFOPLIST_FILE = YES;
				IPHONEOS_DEPLOYMENT_TARGET = 16.0;
				MARKETING_VERSION = 1.0;
				PRODUCT_BUNDLE_IDENTIFIER = app.CS275.VerticalTests;
				PRODUCT_NAME = "$(TARGET_NAME)";
				SWIFT_EMIT_LOC_STRINGS = NO;
				SWIFT_VERSION = 5.0;
				TARGETED_DEVICE_FAMILY = "1,2";
				TEST_HOST = "$(BUILT_PRODUCTS_DIR)/Vertical.app/$(BUNDLE_EXECUTABLE_FOLDER_PATH)/Vertical";
			};
			name = Debug;
		};
		046ADF7628F85D4F007616A2 /* Release */ = {
			isa = XCBuildConfiguration;
			buildSettings = {
				ALWAYS_EMBED_SWIFT_STANDARD_LIBRARIES = YES;
				BUNDLE_LOADER = "$(TEST_HOST)";
				CODE_SIGN_STYLE = Automatic;
				CURRENT_PROJECT_VERSION = 1;
				DEVELOPMENT_TEAM = 7HN2725CNL;
				GENERATE_INFOPLIST_FILE = YES;
				IPHONEOS_DEPLOYMENT_TARGET = 16.0;
				MARKETING_VERSION = 1.0;
				PRODUCT_BUNDLE_IDENTIFIER = app.CS275.VerticalTests;
				PRODUCT_NAME = "$(TARGET_NAME)";
				SWIFT_EMIT_LOC_STRINGS = NO;
				SWIFT_VERSION = 5.0;
				TARGETED_DEVICE_FAMILY = "1,2";
				TEST_HOST = "$(BUILT_PRODUCTS_DIR)/Vertical.app/$(BUNDLE_EXECUTABLE_FOLDER_PATH)/Vertical";
			};
			name = Release;
		};
		046ADF7828F85D4F007616A2 /* Debug */ = {
			isa = XCBuildConfiguration;
			buildSettings = {
				ALWAYS_EMBED_SWIFT_STANDARD_LIBRARIES = YES;
				CODE_SIGN_STYLE = Automatic;
				CURRENT_PROJECT_VERSION = 1;
				DEVELOPMENT_TEAM = 7HN2725CNL;
				GENERATE_INFOPLIST_FILE = YES;
				MARKETING_VERSION = 1.0;
				PRODUCT_BUNDLE_IDENTIFIER = app.CS275.VerticalUITests;
				PRODUCT_NAME = "$(TARGET_NAME)";
				SWIFT_EMIT_LOC_STRINGS = NO;
				SWIFT_VERSION = 5.0;
				TARGETED_DEVICE_FAMILY = "1,2";
				TEST_TARGET_NAME = Vertical;
			};
			name = Debug;
		};
		046ADF7928F85D4F007616A2 /* Release */ = {
			isa = XCBuildConfiguration;
			buildSettings = {
				ALWAYS_EMBED_SWIFT_STANDARD_LIBRARIES = YES;
				CODE_SIGN_STYLE = Automatic;
				CURRENT_PROJECT_VERSION = 1;
				DEVELOPMENT_TEAM = 7HN2725CNL;
				GENERATE_INFOPLIST_FILE = YES;
				MARKETING_VERSION = 1.0;
				PRODUCT_BUNDLE_IDENTIFIER = app.CS275.VerticalUITests;
				PRODUCT_NAME = "$(TARGET_NAME)";
				SWIFT_EMIT_LOC_STRINGS = NO;
				SWIFT_VERSION = 5.0;
				TARGETED_DEVICE_FAMILY = "1,2";
				TEST_TARGET_NAME = Vertical;
			};
			name = Release;
		};
/* End XCBuildConfiguration section */

/* Begin XCConfigurationList section */
		046ADF4828F85D4D007616A2 /* Build configuration list for PBXProject "Vertical" */ = {
			isa = XCConfigurationList;
			buildConfigurations = (
				046ADF6F28F85D4F007616A2 /* Debug */,
				046ADF7028F85D4F007616A2 /* Release */,
			);
			defaultConfigurationIsVisible = 0;
			defaultConfigurationName = Release;
		};
		046ADF7128F85D4F007616A2 /* Build configuration list for PBXNativeTarget "Vertical" */ = {
			isa = XCConfigurationList;
			buildConfigurations = (
				046ADF7228F85D4F007616A2 /* Debug */,
				046ADF7328F85D4F007616A2 /* Release */,
			);
			defaultConfigurationIsVisible = 0;
			defaultConfigurationName = Release;
		};
		046ADF7428F85D4F007616A2 /* Build configuration list for PBXNativeTarget "VerticalTests" */ = {
			isa = XCConfigurationList;
			buildConfigurations = (
				046ADF7528F85D4F007616A2 /* Debug */,
				046ADF7628F85D4F007616A2 /* Release */,
			);
			defaultConfigurationIsVisible = 0;
			defaultConfigurationName = Release;
		};
		046ADF7728F85D4F007616A2 /* Build configuration list for PBXNativeTarget "VerticalUITests" */ = {
			isa = XCConfigurationList;
			buildConfigurations = (
				046ADF7828F85D4F007616A2 /* Debug */,
				046ADF7928F85D4F007616A2 /* Release */,
			);
			defaultConfigurationIsVisible = 0;
			defaultConfigurationName = Release;
		};
/* End XCConfigurationList section */

/* Begin XCRemoteSwiftPackageReference section */
		5E988E90292695E200ADF7ED /* XCRemoteSwiftPackageReference "SDWebImageSwiftUI" */ = {
			isa = XCRemoteSwiftPackageReference;
			repositoryURL = "https://github.com/SDWebImage/SDWebImageSwiftUI.git";
			requirement = {
				kind = upToNextMajorVersion;
				minimumVersion = 2.0.0;
			};
		};
		795660342911B89900D747AF /* XCRemoteSwiftPackageReference "firebase-ios-sdk" */ = {
			isa = XCRemoteSwiftPackageReference;
			repositoryURL = "https://github.com/firebase/firebase-ios-sdk";
			requirement = {
				kind = exactVersion;
				version = 9.6.0;
			};
		};
/* End XCRemoteSwiftPackageReference section */

/* Begin XCSwiftPackageProductDependency section */
		5E988E91292695E200ADF7ED /* SDWebImageSwiftUI */ = {
			isa = XCSwiftPackageProductDependency;
			package = 5E988E90292695E200ADF7ED /* XCRemoteSwiftPackageReference "SDWebImageSwiftUI" */;
			productName = SDWebImageSwiftUI;
		};
		795660352911B89900D747AF /* FirebaseAnalytics */ = {
			isa = XCSwiftPackageProductDependency;
			package = 795660342911B89900D747AF /* XCRemoteSwiftPackageReference "firebase-ios-sdk" */;
			productName = FirebaseAnalytics;
		};
		795660372911B89900D747AF /* FirebaseAnalyticsSwift */ = {
			isa = XCSwiftPackageProductDependency;
			package = 795660342911B89900D747AF /* XCRemoteSwiftPackageReference "firebase-ios-sdk" */;
			productName = FirebaseAnalyticsSwift;
		};
		795660392911B89900D747AF /* FirebaseAnalyticsWithoutAdIdSupport */ = {
			isa = XCSwiftPackageProductDependency;
			package = 795660342911B89900D747AF /* XCRemoteSwiftPackageReference "firebase-ios-sdk" */;
			productName = FirebaseAnalyticsWithoutAdIdSupport;
		};
		7956603B2911B89900D747AF /* FirebaseAuth */ = {
			isa = XCSwiftPackageProductDependency;
			package = 795660342911B89900D747AF /* XCRemoteSwiftPackageReference "firebase-ios-sdk" */;
			productName = FirebaseAuth;
		};
		7956603D2911B89900D747AF /* FirebaseAuthCombine-Community */ = {
			isa = XCSwiftPackageProductDependency;
			package = 795660342911B89900D747AF /* XCRemoteSwiftPackageReference "firebase-ios-sdk" */;
			productName = "FirebaseAuthCombine-Community";
		};
		7956603F2911B89900D747AF /* FirebaseDatabase */ = {
			isa = XCSwiftPackageProductDependency;
			package = 795660342911B89900D747AF /* XCRemoteSwiftPackageReference "firebase-ios-sdk" */;
			productName = FirebaseDatabase;
		};
		795660412911B89900D747AF /* FirebaseDatabaseSwift */ = {
			isa = XCSwiftPackageProductDependency;
			package = 795660342911B89900D747AF /* XCRemoteSwiftPackageReference "firebase-ios-sdk" */;
			productName = FirebaseDatabaseSwift;
		};
		795660432911B89900D747AF /* FirebaseFirestore */ = {
			isa = XCSwiftPackageProductDependency;
			package = 795660342911B89900D747AF /* XCRemoteSwiftPackageReference "firebase-ios-sdk" */;
			productName = FirebaseFirestore;
		};
		795660452911B89900D747AF /* FirebaseFirestoreCombine-Community */ = {
			isa = XCSwiftPackageProductDependency;
			package = 795660342911B89900D747AF /* XCRemoteSwiftPackageReference "firebase-ios-sdk" */;
			productName = "FirebaseFirestoreCombine-Community";
		};
		795660472911B89900D747AF /* FirebaseFirestoreSwift */ = {
			isa = XCSwiftPackageProductDependency;
			package = 795660342911B89900D747AF /* XCRemoteSwiftPackageReference "firebase-ios-sdk" */;
			productName = FirebaseFirestoreSwift;
		};
		795660492911B89900D747AF /* FirebaseFunctions */ = {
			isa = XCSwiftPackageProductDependency;
			package = 795660342911B89900D747AF /* XCRemoteSwiftPackageReference "firebase-ios-sdk" */;
			productName = FirebaseFunctions;
		};
		7956604B2911B89900D747AF /* FirebaseFunctionsCombine-Community */ = {
			isa = XCSwiftPackageProductDependency;
			package = 795660342911B89900D747AF /* XCRemoteSwiftPackageReference "firebase-ios-sdk" */;
			productName = "FirebaseFunctionsCombine-Community";
		};
		7956604D2911B89900D747AF /* FirebaseStorage */ = {
			isa = XCSwiftPackageProductDependency;
			package = 795660342911B89900D747AF /* XCRemoteSwiftPackageReference "firebase-ios-sdk" */;
			productName = FirebaseStorage;
		};
		7956604F2911B89900D747AF /* FirebaseStorageCombine-Community */ = {
			isa = XCSwiftPackageProductDependency;
			package = 795660342911B89900D747AF /* XCRemoteSwiftPackageReference "firebase-ios-sdk" */;
			productName = "FirebaseStorageCombine-Community";
		};
/* End XCSwiftPackageProductDependency section */
	};
	rootObject = 046ADF4528F85D4D007616A2 /* Project object */;
}
